
Microsoft Visual Studio Solution File, Format Version 12.00
# Visual Studio Version 17
VisualStudioVersion = 17.8.34511.84
MinimumVisualStudioVersion = 10.0.40219.1
Project("{FAE04EC0-301F-11D3-BF4B-00C04F79EFBC}") = "Ejemplo_List_box", "Ejemplo_List_box.csproj", "{20302D64-2188-4B7E-8A93-0F918E987239}"
EndProject
Global
	GlobalSection(SolutionConfigurationPlatforms) = preSolution
		Debug|Any CPU = Debug|Any CPU
		Release|Any CPU = Release|Any CPU
	EndGlobalSection
	GlobalSection(ProjectConfigurationPlatforms) = postSolution
		{20302D64-2188-4B7E-8A93-0F918E987239}.Debug|Any CPU.ActiveCfg = Debug|Any CPU
		{20302D64-2188-4B7E-8A93-0F918E987239}.Debug|Any CPU.Build.0 = Debug|Any CPU
		{20302D64-2188-4B7E-8A93-0F918E987239}.Release|Any CPU.ActiveCfg = Release|Any CPU
		{20302D64-2188-4B7E-8A93-0F918E987239}.Release|Any CPU.Build.0 = Release|Any CPU
	EndGlobalSection
	GlobalSection(SolutionProperties) = preSolution
		HideSolutionNode = FALSE
	EndGlobalSection
	GlobalSection(ExtensibilityGlobals) = postSolution
		SolutionGuid = {3A51B4E3-862A-4184-97ED-07EBE1939CFB}
	EndGlobalSection
EndGlobal
